
Microsoft Visual Studio Solution File, Format Version 12.00
# Visual Studio Version 17
VisualStudioVersion = 17.0.31903.59
MinimumVisualStudioVersion = 10.0.40219.1
Project("{FAE04EC0-301F-11D3-BF4B-00C04F79EFBC}") = "LeetCode1646.ConsoleApp", "LeetCode1646.ConsoleApp\LeetCode1646.ConsoleApp.csproj", "{36903F00-E4BF-4B95-B0D1-8D52083F62F6}"
EndProject
Global
	GlobalSection(SolutionConfigurationPlatforms) = preSolution
		Debug|Any CPU = Debug|Any CPU
		Release|Any CPU = Release|Any CPU
	EndGlobalSection
	GlobalSection(SolutionProperties) = preSolution
		HideSolutionNode = FALSE
	EndGlobalSection
	GlobalSection(ProjectConfigurationPlatforms) = postSolution
		{36903F00-E4BF-4B95-B0D1-8D52083F62F6}.Debug|Any CPU.ActiveCfg = Debug|Any CPU
		{36903F00-E4BF-4B95-B0D1-8D52083F62F6}.Debug|Any CPU.Build.0 = Debug|Any CPU
		{36903F00-E4BF-4B95-B0D1-8D52083F62F6}.Release|Any CPU.ActiveCfg = Release|Any CPU
		{36903F00-E4BF-4B95-B0D1-8D52083F62F6}.Release|Any CPU.Build.0 = Release|Any CPU
	EndGlobalSection
EndGlobal
